
Microsoft Visual Studio Solution File, Format Version 12.00
# Visual Studio Version 17
VisualStudioVersion = 17.6.33815.320
MinimumVisualStudioVersion = 10.0.40219.1
Project("{9A19103F-16F7-4668-BE54-9A1E7A4F7556}") = "WebApp.MVC7", "WebApp.MVC7\WebApp.MVC7.csproj", "{9C812151-8D76-479E-8690-B71E1F7A8DAB}"
EndProject
Project("{9A19103F-16F7-4668-BE54-9A1E7A4F7556}") = "WebApp.Data", "WebApp.Data\WebApp.Data.csproj", "{A42F3A41-F27A-4E3C-BED9-982331AFA6C2}"
EndProject
Project("{9A19103F-16F7-4668-BE54-9A1E7A4F7556}") = "WebApp.Repositories", "WebApp.Repositories\WebApp.Repositories.csproj", "{932EF25D-8C6C-4629-9192-6C5A321E5899}"
EndProject
Project("{9A19103F-16F7-4668-BE54-9A1E7A4F7556}") = "WebApp.Core", "WebApp.Core\WebApp.Core.csproj", "{73912636-47ED-4B86-8F01-B577A1F23416}"
EndProject
Project("{2150E333-8FDC-42A3-9474-1A3956D46DE8}") = "BLL", "BLL", "{B6219BAA-DEEF-421E-8674-EAC288BA0BEB}"
EndProject
Project("{9A19103F-16F7-4668-BE54-9A1E7A4F7556}") = "WebApp.Services", "Services\WebApp.Services.csproj", "{F61E8162-93AB-41F9-ABA7-51A46131F0C1}"
EndProject
Project("{2150E333-8FDC-42A3-9474-1A3956D46DE8}") = "WebApp.DAL", "WebApp.DAL", "{9100BC3C-A632-4DB3-8BAA-2301B12F5385}"
EndProject
Project("{9A19103F-16F7-4668-BE54-9A1E7A4F7556}") = "WebApp.MvcIdentity", "WebApp.MvcIdentity\WebApp.MvcIdentity.csproj", "{282908BC-748F-426B-89AB-0EF0F2D5693C}"
EndProject
Project("{9A19103F-16F7-4668-BE54-9A1E7A4F7556}") = "WebApp.WebApi", "NewsAggregator.API\WebApp.WebApi.csproj", "{F30F25FD-8D12-4A89-ABE4-224E0427E90D}"
EndProject
Project("{9A19103F-16F7-4668-BE54-9A1E7A4F7556}") = "WebApp.Mappers", "WebApp.Mappers\WebApp.Mappers.csproj", "{8CACB55C-7CE8-4D65-94E2-CDD911823175}"
EndProject
Project("{9A19103F-16F7-4668-BE54-9A1E7A4F7556}") = "WebApp.Models", "WebApp.Models\WebApp.Models.csproj", "{36451FC7-B6EF-4662-AE40-DB7976405AFC}"
EndProject
Project("{FAE04EC0-301F-11D3-BF4B-00C04F79EFBC}") = "WebApp.Data.CQS", "WebApp.Data.CQS\WebApp.Data.CQS.csproj", "{40B8615D-741D-4E52-95FB-F6B875B46F34}"
EndProject
Global
	GlobalSection(SolutionConfigurationPlatforms) = preSolution
		Debug|Any CPU = Debug|Any CPU
		Release|Any CPU = Release|Any CPU
	EndGlobalSection
	GlobalSection(ProjectConfigurationPlatforms) = postSolution
		{9C812151-8D76-479E-8690-B71E1F7A8DAB}.Debug|Any CPU.ActiveCfg = Debug|Any CPU
		{9C812151-8D76-479E-8690-B71E1F7A8DAB}.Debug|Any CPU.Build.0 = Debug|Any CPU
		{9C812151-8D76-479E-8690-B71E1F7A8DAB}.Release|Any CPU.ActiveCfg = Release|Any CPU
		{9C812151-8D76-479E-8690-B71E1F7A8DAB}.Release|Any CPU.Build.0 = Release|Any CPU
		{A42F3A41-F27A-4E3C-BED9-982331AFA6C2}.Debug|Any CPU.ActiveCfg = Debug|Any CPU
		{A42F3A41-F27A-4E3C-BED9-982331AFA6C2}.Debug|Any CPU.Build.0 = Debug|Any CPU
		{A42F3A41-F27A-4E3C-BED9-982331AFA6C2}.Release|Any CPU.ActiveCfg = Release|Any CPU
		{A42F3A41-F27A-4E3C-BED9-982331AFA6C2}.Release|Any CPU.Build.0 = Release|Any CPU
		{932EF25D-8C6C-4629-9192-6C5A321E5899}.Debug|Any CPU.ActiveCfg = Debug|Any CPU
		{932EF25D-8C6C-4629-9192-6C5A321E5899}.Debug|Any CPU.Build.0 = Debug|Any CPU
		{932EF25D-8C6C-4629-9192-6C5A321E5899}.Release|Any CPU.ActiveCfg = Release|Any CPU
		{932EF25D-8C6C-4629-9192-6C5A321E5899}.Release|Any CPU.Build.0 = Release|Any CPU
		{73912636-47ED-4B86-8F01-B577A1F23416}.Debug|Any CPU.ActiveCfg = Debug|Any CPU
		{73912636-47ED-4B86-8F01-B577A1F23416}.Debug|Any CPU.Build.0 = Debug|Any CPU
		{73912636-47ED-4B86-8F01-B577A1F23416}.Release|Any CPU.ActiveCfg = Release|Any CPU
		{73912636-47ED-4B86-8F01-B577A1F23416}.Release|Any CPU.Build.0 = Release|Any CPU
		{F61E8162-93AB-41F9-ABA7-51A46131F0C1}.Debug|Any CPU.ActiveCfg = Debug|Any CPU
		{F61E8162-93AB-41F9-ABA7-51A46131F0C1}.Debug|Any CPU.Build.0 = Debug|Any CPU
		{F61E8162-93AB-41F9-ABA7-51A46131F0C1}.Release|Any CPU.ActiveCfg = Release|Any CPU
		{F61E8162-93AB-41F9-ABA7-51A46131F0C1}.Release|Any CPU.Build.0 = Release|Any CPU
		{282908BC-748F-426B-89AB-0EF0F2D5693C}.Debug|Any CPU.ActiveCfg = Debug|Any CPU
		{282908BC-748F-426B-89AB-0EF0F2D5693C}.Debug|Any CPU.Build.0 = Debug|Any CPU
		{282908BC-748F-426B-89AB-0EF0F2D5693C}.Release|Any CPU.ActiveCfg = Release|Any CPU
		{282908BC-748F-426B-89AB-0EF0F2D5693C}.Release|Any CPU.Build.0 = Release|Any CPU
		{F30F25FD-8D12-4A89-ABE4-224E0427E90D}.Debug|Any CPU.ActiveCfg = Debug|Any CPU
		{F30F25FD-8D12-4A89-ABE4-224E0427E90D}.Debug|Any CPU.Build.0 = Debug|Any CPU
		{F30F25FD-8D12-4A89-ABE4-224E0427E90D}.Release|Any CPU.ActiveCfg = Release|Any CPU
		{F30F25FD-8D12-4A89-ABE4-224E0427E90D}.Release|Any CPU.Build.0 = Release|Any CPU
		{8CACB55C-7CE8-4D65-94E2-CDD911823175}.Debug|Any CPU.ActiveCfg = Debug|Any CPU
		{8CACB55C-7CE8-4D65-94E2-CDD911823175}.Debug|Any CPU.Build.0 = Debug|Any CPU
		{8CACB55C-7CE8-4D65-94E2-CDD911823175}.Release|Any CPU.ActiveCfg = Release|Any CPU
		{8CACB55C-7CE8-4D65-94E2-CDD911823175}.Release|Any CPU.Build.0 = Release|Any CPU
		{36451FC7-B6EF-4662-AE40-DB7976405AFC}.Debug|Any CPU.ActiveCfg = Debug|Any CPU
		{36451FC7-B6EF-4662-AE40-DB7976405AFC}.Debug|Any CPU.Build.0 = Debug|Any CPU
		{36451FC7-B6EF-4662-AE40-DB7976405AFC}.Release|Any CPU.ActiveCfg = Release|Any CPU
		{36451FC7-B6EF-4662-AE40-DB7976405AFC}.Release|Any CPU.Build.0 = Release|Any CPU
		{40B8615D-741D-4E52-95FB-F6B875B46F34}.Debug|Any CPU.ActiveCfg = Debug|Any CPU
		{40B8615D-741D-4E52-95FB-F6B875B46F34}.Debug|Any CPU.Build.0 = Debug|Any CPU
		{40B8615D-741D-4E52-95FB-F6B875B46F34}.Release|Any CPU.ActiveCfg = Release|Any CPU
		{40B8615D-741D-4E52-95FB-F6B875B46F34}.Release|Any CPU.Build.0 = Release|Any CPU
	EndGlobalSection
	GlobalSection(SolutionProperties) = preSolution
		HideSolutionNode = FALSE
	EndGlobalSection
	GlobalSection(NestedProjects) = preSolution
		{A42F3A41-F27A-4E3C-BED9-982331AFA6C2} = {9100BC3C-A632-4DB3-8BAA-2301B12F5385}
		{932EF25D-8C6C-4629-9192-6C5A321E5899} = {9100BC3C-A632-4DB3-8BAA-2301B12F5385}
		{F61E8162-93AB-41F9-ABA7-51A46131F0C1} = {B6219BAA-DEEF-421E-8674-EAC288BA0BEB}
		{40B8615D-741D-4E52-95FB-F6B875B46F34} = {9100BC3C-A632-4DB3-8BAA-2301B12F5385}
	EndGlobalSection
	GlobalSection(ExtensibilityGlobals) = postSolution
		SolutionGuid = {2291E4EF-5633-4619-A858-F6EBA8B5DAA7}
	EndGlobalSection
EndGlobal
