
Microsoft Visual Studio Solution File, Format Version 12.00
# Visual Studio Version 17
VisualStudioVersion = 17.6.33815.320
MinimumVisualStudioVersion = 10.0.40219.1
Project("{9A19103F-16F7-4668-BE54-9A1E7A4F7556}") = "WebApp.MVC7", "WebApp.MVC7\WebApp.MVC7.csproj", "{9C812151-8D76-479E-8690-B71E1F7A8DAB}"
EndProject
Project("{9A19103F-16F7-4668-BE54-9A1E7A4F7556}") = "WebApp.Data", "WebApp.Data\WebApp.Data.csproj", "{A42F3A41-F27A-4E3C-BED9-982331AFA6C2}"
EndProject
Project("{9A19103F-16F7-4668-BE54-9A1E7A4F7556}") = "WebApp.Repositories", "WebApp.Repositories\WebApp.Repositories.csproj", "{932EF25D-8C6C-4629-9192-6C5A321E5899}"
EndProject
Project("{9A19103F-16F7-4668-BE54-9A1E7A4F7556}") = "WebApp.Core", "WebApp.Core\WebApp.Core.csproj", "{73912636-47ED-4B86-8F01-B577A1F23416}"
EndProject
Project("{2150E333-8FDC-42A3-9474-1A3956D46DE8}") = "BLL", "BLL", "{B6219BAA-DEEF-421E-8674-EAC288BA0BEB}"
EndProject
Project("{9A19103F-16F7-4668-BE54-9A1E7A4F7556}") = "WebApp.Services", "Services\WebApp.Services.csproj", "{F61E8162-93AB-41F9-ABA7-51A46131F0C1}"
EndProject
Global
	GlobalSection(SolutionConfigurationPlatforms) = preSolution
		Debug|Any CPU = Debug|Any CPU
		Release|Any CPU = Release|Any CPU
	EndGlobalSection
	GlobalSection(ProjectConfigurationPlatforms) = postSolution
		{9C812151-8D76-479E-8690-B71E1F7A8DAB}.Debug|Any CPU.ActiveCfg = Debug|Any CPU
		{9C812151-8D76-479E-8690-B71E1F7A8DAB}.Debug|Any CPU.Build.0 = Debug|Any CPU
		{9C812151-8D76-479E-8690-B71E1F7A8DAB}.Release|Any CPU.ActiveCfg = Release|Any CPU
		{9C812151-8D76-479E-8690-B71E1F7A8DAB}.Release|Any CPU.Build.0 = Release|Any CPU
		{A42F3A41-F27A-4E3C-BED9-982331AFA6C2}.Debug|Any CPU.ActiveCfg = Debug|Any CPU
		{A42F3A41-F27A-4E3C-BED9-982331AFA6C2}.Debug|Any CPU.Build.0 = Debug|Any CPU
		{A42F3A41-F27A-4E3C-BED9-982331AFA6C2}.Release|Any CPU.ActiveCfg = Release|Any CPU
		{A42F3A41-F27A-4E3C-BED9-982331AFA6C2}.Release|Any CPU.Build.0 = Release|Any CPU
		{932EF25D-8C6C-4629-9192-6C5A321E5899}.Debug|Any CPU.ActiveCfg = Debug|Any CPU
		{932EF25D-8C6C-4629-9192-6C5A321E5899}.Debug|Any CPU.Build.0 = Debug|Any CPU
		{932EF25D-8C6C-4629-9192-6C5A321E5899}.Release|Any CPU.ActiveCfg = Release|Any CPU
		{932EF25D-8C6C-4629-9192-6C5A321E5899}.Release|Any CPU.Build.0 = Release|Any CPU
		{73912636-47ED-4B86-8F01-B577A1F23416}.Debug|Any CPU.ActiveCfg = Debug|Any CPU
		{73912636-47ED-4B86-8F01-B577A1F23416}.Debug|Any CPU.Build.0 = Debug|Any CPU
		{73912636-47ED-4B86-8F01-B577A1F23416}.Release|Any CPU.ActiveCfg = Release|Any CPU
		{73912636-47ED-4B86-8F01-B577A1F23416}.Release|Any CPU.Build.0 = Release|Any CPU
		{F61E8162-93AB-41F9-ABA7-51A46131F0C1}.Debug|Any CPU.ActiveCfg = Debug|Any CPU
		{F61E8162-93AB-41F9-ABA7-51A46131F0C1}.Debug|Any CPU.Build.0 = Debug|Any CPU
		{F61E8162-93AB-41F9-ABA7-51A46131F0C1}.Release|Any CPU.ActiveCfg = Release|Any CPU
		{F61E8162-93AB-41F9-ABA7-51A46131F0C1}.Release|Any CPU.Build.0 = Release|Any CPU
	EndGlobalSection
	GlobalSection(SolutionProperties) = preSolution
		HideSolutionNode = FALSE
	EndGlobalSection
	GlobalSection(NestedProjects) = preSolution
		{F61E8162-93AB-41F9-ABA7-51A46131F0C1} = {B6219BAA-DEEF-421E-8674-EAC288BA0BEB}
	EndGlobalSection
	GlobalSection(ExtensibilityGlobals) = postSolution
		SolutionGuid = {2291E4EF-5633-4619-A858-F6EBA8B5DAA7}
	EndGlobalSection
EndGlobal
